
Microsoft Visual Studio Solution File, Format Version 12.00
# Visual Studio Version 17
VisualStudioVersion = 17.5.33516.290
MinimumVisualStudioVersion = 10.0.40219.1
Project("{9A19103F-16F7-4668-BE54-9A1E7A4F7556}") = "Forum", "Forum.csproj", "{47038BB9-95BD-4304-9C2B-AF11BEE396CF}"
EndProject
Project("{FAE04EC0-301F-11D3-BF4B-00C04F79EFBC}") = "ForumTests", "..\ForumTests\ForumTests.csproj", "{258037C0-BCC9-4E22-94B2-FAE4FD7C544A}"
EndProject
Global
	GlobalSection(SolutionConfigurationPlatforms) = preSolution
		Debug|Any CPU = Debug|Any CPU
		Release|Any CPU = Release|Any CPU
	EndGlobalSection
	GlobalSection(ProjectConfigurationPlatforms) = postSolution
		{47038BB9-95BD-4304-9C2B-AF11BEE396CF}.Debug|Any CPU.ActiveCfg = Debug|Any CPU
		{47038BB9-95BD-4304-9C2B-AF11BEE396CF}.Debug|Any CPU.Build.0 = Debug|Any CPU
		{47038BB9-95BD-4304-9C2B-AF11BEE396CF}.Release|Any CPU.ActiveCfg = Release|Any CPU
		{47038BB9-95BD-4304-9C2B-AF11BEE396CF}.Release|Any CPU.Build.0 = Release|Any CPU
		{258037C0-BCC9-4E22-94B2-FAE4FD7C544A}.Debug|Any CPU.ActiveCfg = Debug|Any CPU
		{258037C0-BCC9-4E22-94B2-FAE4FD7C544A}.Debug|Any CPU.Build.0 = Debug|Any CPU
		{258037C0-BCC9-4E22-94B2-FAE4FD7C544A}.Release|Any CPU.ActiveCfg = Release|Any CPU
		{258037C0-BCC9-4E22-94B2-FAE4FD7C544A}.Release|Any CPU.Build.0 = Release|Any CPU
	EndGlobalSection
	GlobalSection(SolutionProperties) = preSolution
		HideSolutionNode = FALSE
	EndGlobalSection
	GlobalSection(ExtensibilityGlobals) = postSolution
		SolutionGuid = {834EF6C1-7CB8-4AE2-BD9D-23046A27552F}
	EndGlobalSection
EndGlobal
